{
  "name": "data-footstone",
  "version": "0.0.4",
  "lockfileVersion": 1,
  "requires": true,
  "dependencies": {
    "@types/node": {
      "version": "14.18.34",
      "resolved": "https://registry.npmmirror.com/@types/node/-/node-14.18.34.tgz",
      "integrity": "sha512-hcU9AIQVHmPnmjRK+XUUYlILlr9pQrsqSrwov/JK1pnf3GTQowVBhx54FbvM0AU/VXGH4i3+vgXS5EguR7fysA==",
      "dev": true
    },
    "typescript": {
      "version": "4.7.4",
      "resolved": "https://registry.npmmirror.com/typescript/-/typescript-4.7.4.tgz",
      "integrity": "sha512-C0WQT0gezHuw6AdY1M2jxUO83Rjf0HP7Sk1DtXj6j1EwkQNZrHAg2XPWlq62oqEhYvONq5pkC2Y9oPljWToLmQ==",
      "dev": true
    }
  }
}
