{
	"name": "crtp-cli",
	"version": "0.0.10",
	"lockfileVersion": 1,
	"requires": true,
	"dependencies": {
		"ansi-styles": {
			"version": "4.3.0",
			"resolved": "http://npm.guazi-corp.com/ansi-styles/-/ansi-styles-4.3.0.tgz",
			"integrity": "sha1-7dgDYornHATIWuegkG7a00tkiTc=",
			"requires": {
				"color-convert": "^2.0.1"
			}
		},
		"chalk": {
			"version": "4.1.1",
			"resolved": "http://npm.guazi-corp.com/chalk/-/chalk-4.1.1.tgz",
			"integrity": "sha1-yAs/qyi/Y3HmhjMl7uZ+YYt35q0=",
			"requires": {
				"ansi-styles": "^4.1.0",
				"supports-color": "^7.1.0"
			}
		},
		"color-convert": {
			"version": "2.0.1",
			"resolved": "http://npm.guazi-corp.com/color-convert/-/color-convert-2.0.1.tgz",
			"integrity": "sha1-ctOmjVmMm9s68q0ehPIdiWq9TeM=",
			"requires": {
				"color-name": "~1.1.4"
			}
		},
		"color-name": {
			"version": "1.1.4",
			"resolved": "http://npm.guazi-corp.com/color-name/-/color-name-1.1.4.tgz",
			"integrity": "sha1-wqCah6y95pVD3m9j+jmVyCbFNqI="
		},
		"commander": {
			"version": "7.2.0",
			"resolved": "https://registry.nlark.com/commander/download/commander-7.2.0.tgz?cache=0&sync_timestamp=1622954251160&other_urls=https%3A%2F%2Fregistry.nlark.com%2Fcommander%2Fdownload%2Fcommander-7.2.0.tgz",
			"integrity": "sha1-o2y1fQtQHOEI5NIFWaFQo5HZerc="
		},
		"cross-spawn": {
			"version": "7.0.3",
			"resolved": "http://npm.guazi-corp.com/cross-spawn/-/cross-spawn-7.0.3.tgz",
			"integrity": "sha1-9zqFudXUHQRVUcF34ogtSshXKKY=",
			"requires": {
				"path-key": "^3.1.0",
				"shebang-command": "^2.0.0",
				"which": "^2.0.1"
			}
		},
		"execa": {
			"version": "5.1.1",
			"resolved": "http://npm.guazi-corp.com/execa/-/execa-5.1.1.tgz",
			"integrity": "sha1-+ArZy/Qpj3vR1MlVXCHpN0HEEd0=",
			"requires": {
				"cross-spawn": "^7.0.3",
				"get-stream": "^6.0.0",
				"human-signals": "^2.1.0",
				"is-stream": "^2.0.0",
				"merge-stream": "^2.0.0",
				"npm-run-path": "^4.0.1",
				"onetime": "^5.1.2",
				"signal-exit": "^3.0.3",
				"strip-final-newline": "^2.0.0"
			}
		},
		"get-stream": {
			"version": "6.0.1",
			"resolved": "http://npm.guazi-corp.com/get-stream/-/get-stream-6.0.1.tgz",
			"integrity": "sha1-omLY7vZ6ztV8KFKtYWdSakPL97c="
		},
		"has-flag": {
			"version": "4.0.0",
			"resolved": "http://npm.guazi-corp.com/has-flag/-/has-flag-4.0.0.tgz",
			"integrity": "sha1-lEdx/ZyByBJlxNaUGGDaBrtZR5s="
		},
		"human-signals": {
			"version": "2.1.0",
			"resolved": "http://npm.guazi-corp.com/human-signals/-/human-signals-2.1.0.tgz",
			"integrity": "sha1-3JH8ukLk0G5Kuu0zs+ejwC9RTqA="
		},
		"is-stream": {
			"version": "2.0.0",
			"resolved": "http://npm.guazi-corp.com/is-stream/-/is-stream-2.0.0.tgz",
			"integrity": "sha1-venDJoDW+uBBKdasnZIc54FfeOM="
		},
		"isexe": {
			"version": "2.0.0",
			"resolved": "http://npm.guazi-corp.com/isexe/-/isexe-2.0.0.tgz",
			"integrity": "sha1-6PvzdNxVb/iUehDcsFctYz8s+hA="
		},
		"merge-stream": {
			"version": "2.0.0",
			"resolved": "http://npm.guazi-corp.com/merge-stream/-/merge-stream-2.0.0.tgz",
			"integrity": "sha1-UoI2KaFN0AyXcPtq1H3GMQ8sH2A="
		},
		"mimic-fn": {
			"version": "2.1.0",
			"resolved": "http://npm.guazi-corp.com/mimic-fn/-/mimic-fn-2.1.0.tgz",
			"integrity": "sha1-ftLCzMyvhNP/y3pptXcR/CCDQBs="
		},
		"mkdirp": {
			"version": "1.0.4",
			"resolved": "http://npm.guazi-corp.com/mkdirp/-/mkdirp-1.0.4.tgz",
			"integrity": "sha1-PrXtYmInVteaXw4qIh3+utdcL34="
		},
		"npm-run-path": {
			"version": "4.0.1",
			"resolved": "http://npm.guazi-corp.com/npm-run-path/-/npm-run-path-4.0.1.tgz",
			"integrity": "sha1-t+zR5e1T2o43pV4cImnguX7XSOo=",
			"requires": {
				"path-key": "^3.0.0"
			}
		},
		"onetime": {
			"version": "5.1.2",
			"resolved": "http://npm.guazi-corp.com/onetime/-/onetime-5.1.2.tgz",
			"integrity": "sha1-0Oluu1awdHbfHdnEgG5SN5hcpF4=",
			"requires": {
				"mimic-fn": "^2.1.0"
			}
		},
		"path-key": {
			"version": "3.1.1",
			"resolved": "http://npm.guazi-corp.com/path-key/-/path-key-3.1.1.tgz",
			"integrity": "sha1-WB9q3mWMu6ZaDTOA3ndTKVBU83U="
		},
		"shebang-command": {
			"version": "2.0.0",
			"resolved": "http://npm.guazi-corp.com/shebang-command/-/shebang-command-2.0.0.tgz",
			"integrity": "sha1-zNCvT4g1+9wmW4JGGq8MNmY/NOo=",
			"requires": {
				"shebang-regex": "^3.0.0"
			}
		},
		"shebang-regex": {
			"version": "3.0.0",
			"resolved": "http://npm.guazi-corp.com/shebang-regex/-/shebang-regex-3.0.0.tgz",
			"integrity": "sha1-rhbxZE2HPsrYQ7AwexQzYtTEIXI="
		},
		"signal-exit": {
			"version": "3.0.3",
			"resolved": "http://npm.guazi-corp.com/signal-exit/-/signal-exit-3.0.3.tgz",
			"integrity": "sha1-oUEMLt2PB3sItOJTyOrPyvBXRhw="
		},
		"strip-final-newline": {
			"version": "2.0.0",
			"resolved": "http://npm.guazi-corp.com/strip-final-newline/-/strip-final-newline-2.0.0.tgz",
			"integrity": "sha1-ibhS+y/L6Tb29LMYevsKEsGrWK0="
		},
		"supports-color": {
			"version": "7.2.0",
			"resolved": "http://npm.guazi-corp.com/supports-color/-/supports-color-7.2.0.tgz",
			"integrity": "sha1-G33NyzK4E4gBs+R4umpRyqiWSNo=",
			"requires": {
				"has-flag": "^4.0.0"
			}
		},
		"which": {
			"version": "2.0.2",
			"resolved": "http://npm.guazi-corp.com/which/-/which-2.0.2.tgz",
			"integrity": "sha1-fGqN0KY2oDJ+ELWckobu6T8/UbE=",
			"requires": {
				"isexe": "^2.0.0"
			}
		}
	}
}
